{
  "name": "vue-helpers",
  "version": "1.0.0",
  "lockfileVersion": 1,
  "requires": true,
  "dependencies": {
    "autosize": {
      "version": "3.0.21",
      "resolved": "https://registry.npmjs.org/autosize/-/autosize-3.0.21.tgz",
      "integrity": "sha1-8YL0DRd1fZeKE5pMnKQMTA5EhgM=",
      "dev": true
    },
    "axios": {
      "version": "0.18.0",
      "resolved": "https://registry.npmjs.org/axios/-/axios-0.18.0.tgz",
      "integrity": "sha1-MtU+SFHv3AoRmTts0AB4nXDAUQI=",
      "requires": {
        "follow-redirects": "1.5.2",
        "is-buffer": "1.1.6"
      }
    },
    "debug": {
      "version": "3.1.0",
      "resolved": "https://registry.npmjs.org/debug/-/debug-3.1.0.tgz",
      "integrity": "sha1-W7WgZyYotkFJVmuhaBnmFRjGcmE=",
      "requires": {
        "ms": "2.0.0"
      }
    },
    "deep-assign": {
      "version": "2.0.0",
      "resolved": "https://registry.npmjs.org/deep-assign/-/deep-assign-2.0.0.tgz",
      "integrity": "sha1-6+BrHwfwja5ZdiDj3RYi83GhxXI=",
      "dev": true,
      "requires": {
        "is-obj": "1.0.1"
      }
    },
    "follow-redirects": {
      "version": "1.5.2",
      "resolved": "https://registry.npmjs.org/follow-redirects/-/follow-redirects-1.5.2.tgz",
      "integrity": "sha1-Wp2A4BZZV+XvDBIQZ4/FxKy5+wM=",
      "requires": {
        "debug": "3.1.0"
      }
    },
    "fuzzysearch": {
      "version": "1.0.3",
      "resolved": "https://registry.npmjs.org/fuzzysearch/-/fuzzysearch-1.0.3.tgz",
      "integrity": "sha1-3/yA9tawQiPyImqnndGUIxCW0Ag=",
      "dev": true
    },
    "is-buffer": {
      "version": "1.1.6",
      "resolved": "https://registry.npmjs.org/is-buffer/-/is-buffer-1.1.6.tgz",
      "integrity": "sha1-76ouqdqg16suoTqXsritUf776L4="
    },
    "is-obj": {
      "version": "1.0.1",
      "resolved": "http://registry.npmjs.org/is-obj/-/is-obj-1.0.1.tgz",
      "integrity": "sha1-PkcprB9f3gJc19g6iW2rn09n2w8=",
      "dev": true
    },
    "keen-ui": {
      "version": "git+https://jjaulimsing@bitbucket.org/orckidlab/keen-ui.git#59df6e6c8f5714a5f93466b295732cb91dd90d9c",
      "dev": true,
      "requires": {
        "autosize": "3.0.21",
        "deep-assign": "2.0.0",
        "fuzzysearch": "1.0.3",
        "lodash.debounce": "4.0.8",
        "tether-drop": "1.4.2",
        "tether-tooltip": "1.2.0"
      }
    },
    "lodash.debounce": {
      "version": "4.0.8",
      "resolved": "https://registry.npmjs.org/lodash.debounce/-/lodash.debounce-4.0.8.tgz",
      "integrity": "sha1-gteb/zCmfEAF/9XiUVMArZyk168=",
      "dev": true
    },
    "ms": {
      "version": "2.0.0",
      "resolved": "https://registry.npmjs.org/ms/-/ms-2.0.0.tgz",
      "integrity": "sha1-VgiurfwAvmwpAd9fmGF4jeDVl8g="
    },
    "tether": {
      "version": "1.4.4",
      "resolved": "https://registry.npmjs.org/tether/-/tether-1.4.4.tgz",
      "integrity": "sha512-bagKeRRo3vEynHnO3GB7/jB3Q4YIf0mN7gXM/nR0wZvNHkPrwmZemg1w0C32JZP0prHZUwxGwoX5CdA7tuIDEw==",
      "dev": true
    },
    "tether-drop": {
      "version": "1.4.2",
      "resolved": "https://registry.npmjs.org/tether-drop/-/tether-drop-1.4.2.tgz",
      "integrity": "sha1-KOJAzOB39K4djlmQoDtx4M1vv+w=",
      "dev": true,
      "requires": {
        "tether": "1.4.4"
      }
    },
    "tether-tooltip": {
      "version": "1.2.0",
      "resolved": "https://registry.npmjs.org/tether-tooltip/-/tether-tooltip-1.2.0.tgz",
      "integrity": "sha1-CPSXZNX0SHCLURGcn+EZlytNaWI=",
      "dev": true,
      "requires": {
        "tether": "1.4.4",
        "tether-drop": "1.4.2"
      }
    },
    "vue-events": {
      "version": "3.1.0",
      "resolved": "https://registry.npmjs.org/vue-events/-/vue-events-3.1.0.tgz",
      "integrity": "sha1-jiMSHDRbT/Mu4FT5eVmV8+NEsn0="
    }
  }
}
